{
  "version": 4,
  "terraform_version": "1.11.4",
  "serial": 9,
  "lineage": "cd7860bb-3054-e18d-1955-738bd745387d",
  "outputs": {
    "external_ip_address_ubu2404t": {
      "value": "84.201.143.81",
      "type": "string"
    },
    "internal_ip_address_ubu2404t": {
      "value": "10.129.0.28",
      "type": "string"
    }
  },
  "resources": [
    {
      "mode": "managed",
      "type": "yandex_compute_instance",
      "name": "ubu2404t",
      "provider": "provider[\"registry.terraform.io/yandex-cloud/yandex\"]",
      "instances": [
        {
          "schema_version": 1,
          "attributes": {
            "allow_recreate": null,
            "allow_stopping_for_update": null,
            "boot_disk": [
              {
                "auto_delete": true,
                "device_name": "epdnk9k6a80d11u5m28a",
                "disk_id": "epdnk9k6a80d11u5m28a",
                "initialize_params": [
                  {
                    "block_size": 4096,
                    "description": "",
                    "image_id": "fd84b1mojb8650b9luqd",
                    "name": "",
                    "size": 10,
                    "snapshot_id": "",
                    "type": "network-hdd"
                  }
                ],
                "mode": "READ_WRITE"
              }
            ],
            "created_at": "2025-04-24T08:52:31Z",
            "description": "",
            "filesystem": [],
            "folder_id": "b1g4tv2riiftlbosn13r",
            "fqdn": "epdkutn6nee02au2npvd.auto.internal",
            "gpu_cluster_id": "",
            "hostname": "",
            "id": "epdkutn6nee02au2npvd",
            "labels": null,
            "local_disk": [],
            "maintenance_grace_period": "",
            "maintenance_policy": null,
            "metadata": {
              "serial-port-enable": "1",
              "user-data": "#cloud-config\ngroups:\n  - admingroup: [root, sudo, adm, admin]\n  - cloud-users, www-data\nusers:\n  - default\n  - name: ophil\n    groups: adm, sudo, www-data, systemd-journal, users, admin\n    expiredate: '2032-09-01'\n    shell: /bin/bash\n    sudo: ['ALL=(ALL) NOPASSWD:ALL']\n    ssh_authorized_keys:\n      - ssh-ed25519 AAAAC3NzaC1lZDI1NTE5AAAAIOoYBWDhockOhoBOJQmq0YCfIb37jC8lorvOqca3iAVB\n  - name: dev\n    groups: systemd-journal, docker\n    expiredate: '2032-09-01'\n    shell: /bin/bash\n    ssh_authorized_keys:\n      - ssh-ed25519 AAAAC3NzaC1lZDI1NTE5AAAAIOoYBWDhockOhoBOJQmq0YCfIb37jC8lorvOqca3iAVB\nruncmd:\n  - apt update\n  - apt upgrade -y\npackages:\n  - docker.io\n  - docker-buildx\n  - docker-compose-v2\n  - fail2ban\n  - dlocate\n  - python3-pip\n  - tree\n  - podman\n  - podman-compose\n  - podman-docker\n"
            },
            "metadata_options": [
              {
                "aws_v1_http_endpoint": 1,
                "aws_v1_http_token": 2,
                "gce_http_endpoint": 1,
                "gce_http_token": 1
              }
            ],
            "name": "ubu2404t",
            "network_acceleration_type": "standard",
            "network_interface": [
              {
                "dns_record": [],
                "index": 0,
                "ip_address": "10.129.0.28",
                "ipv4": true,
                "ipv6": false,
                "ipv6_address": "",
                "ipv6_dns_record": [],
                "mac_address": "d0:0d:14:f7:6e:6b",
                "nat": true,
                "nat_dns_record": [],
                "nat_ip_address": "84.201.143.81",
                "nat_ip_version": "IPV4",
                "security_group_ids": [],
                "subnet_id": "e2lij6cpfo7pl5rtvc01"
              }
            ],
            "placement_policy": [
              {
                "host_affinity_rules": [],
                "placement_group_id": "",
                "placement_group_partition": 0
              }
            ],
            "platform_id": "standard-v1",
            "resources": [
              {
                "core_fraction": 20,
                "cores": 2,
                "gpus": 0,
                "memory": 4
              }
            ],
            "scheduling_policy": [
              {
                "preemptible": true
              }
            ],
            "secondary_disk": [],
            "service_account_id": "",
            "status": "running",
            "timeouts": null,
            "zone": "ru-central1-b"
          },
          "sensitive_attributes": [],
          "private": "eyJlMmJmYjczMC1lY2FhLTExZTYtOGY4OC0zNDM2M2JjN2M0YzAiOnsiY3JlYXRlIjozMDAwMDAwMDAwMDAsImRlbGV0ZSI6MzAwMDAwMDAwMDAwLCJ1cGRhdGUiOjMwMDAwMDAwMDAwMH0sInNjaGVtYV92ZXJzaW9uIjoiMSJ9"
        }
      ]
    }
  ],
  "check_results": null
}
