
Terraform used the selected providers to generate the following execution
plan. Resource actions are indicated with the following symbols:
  [32m+[0m create[0m

Terraform will perform the following actions:

[1m  # yandex_compute_instance.ubu2404t[0m will be created
[0m  [32m+[0m[0m resource "yandex_compute_instance" "ubu2404t" {
      [32m+[0m[0m created_at                = (known after apply)
      [32m+[0m[0m folder_id                 = (known after apply)
      [32m+[0m[0m fqdn                      = (known after apply)
      [32m+[0m[0m gpu_cluster_id            = (known after apply)
      [32m+[0m[0m hostname                  = (known after apply)
      [32m+[0m[0m id                        = (known after apply)
      [32m+[0m[0m maintenance_grace_period  = (known after apply)
      [32m+[0m[0m maintenance_policy        = (known after apply)
      [32m+[0m[0m metadata                  = {
          [32m+[0m[0m "serial-port-enable" = "1"
          [32m+[0m[0m "user-data"          = <<-EOT
                #cloud-config
                groups:
                  - admingroup: [root, sudo, adm, admin]
                  - cloud-users, ansible, www-data
                users:
                  - default
                  - name: ophil
                    groups: adm, sudo, www-data, systemd-journal, users, admin
                    expiredate: '2032-09-01'
                    shell: /bin/bash
                    sudo: ['ALL=(ALL) NOPASSWD:ALL']
                    ssh_authorized_keys:
                      - ssh-rsa AAAAB3NzaC1yc2EAAAADAQABAAABgQDkZdc0hm/p/j5KZTh0lttriv084Aqbl0dFILE8tS2DTM9yEqdPVbLR4AQTMtNX0Tn7ciwxJz0WZmXtEpXDC1N5JMv+8lRb2eo9uI7aXTCWoO+Sn2oQu+VMk0ZimnYxnu+HlhZD9a4INb1o6wra1UzF4tzrO2DhXE2qwTvZdCLmLYOn6mgIGy8vkYjGyVKGxQXBb7TdN3efChnu6g3KanX28jkufDKlQ5znM3I5q14UUZ8h1dz0x/+3i5SuLKtULhziIzjNFzC3kj63p7KG+MRZuArS41POMQg2/uniTHldUN7azYdhJfqfMGwegiAck9oxkf4wmuQRqcZbdNpGclhpi7he26oiRrjIMABbpsk5p58AzyLdoZIi7HE999YZBeffijj3/PkLZhmG/sJ3MMhbTYHrkFmTxZCaVizyB/U4J5846zZjl+6hyZOgxlN+StMNoa4OufiErWDg2WoOhLDZTuefXUf1EER3asm59XTkycVKbAMhsOhDei0HUl1e8hk= ophil
                      - ssh-rsa AAAAB3NzaC1yc2EAAAADAQABAAABgQCmxzabJWkMItRnemZCXte8VY+k/cXZn/cdwAZt/Xz9QH/AuWp2N+YTbWHWFdrZtYCeH6XqLje6wFx+s6Rd8Uv0R8taen3m1+w11HQTF14d2hRQCLNaI4bDGtfUVly26vrscRvb4AP1Z31A6QnQI6UrsxIVsIF9MrNF5y3qt2G/yMivRT7U+DHSbqNFtjUIoGA/6ITXfkLyGPgFH2I+44WV2CI0fS51LUFtsJDxxRUxuMVJvf/BbVGg7dYFqH5omIjPy6TWXxgsCj+UqCu6mxsWzeccdpA8AEBQuZmepIFOqtYrYNtOif+hwwzSGMkeNC4MfTxXtU7IXDfgovxleOUadN4yIMUCgZ+RLXdz36kuZCrKklsUqquRa8UwSdDbEm/7wThZN3VkvziY7XHvLtjRxznUavLFQvgwm7CtKJKMTB/2oG8Z9Gril5DgTZZq8tbZ+sJQsuiNng2PvTDI24OvtrL55SAl3CBPD6v/Z5whZ8Gt4Dcb/7+IW2RAjwKAjN0=
                  - name: devops
                    groups: sudo, adm, systemd-journal
                    expiredate: '2032-09-01'
                    shell: /bin/bash
                    sudo: ['ALL=(ALL) NOPASSWD:ALL']
                    ssh_authorized_keys:
                      - ssh-rsa AAAAB3NzaC1yc2EAAAADAQABAAABgQCmxzabJWkMItRnemZCXte8VY+k/cXZn/cdwAZt/Xz9QH/AuWp2N+YTbWHWFdrZtYCeH6XqLje6wFx+s6Rd8Uv0R8taen3m1+w11HQTF14d2hRQCLNaI4bDGtfUVly26vrscRvb4AP1Z31A6QnQI6UrsxIVsIF9MrNF5y3qt2G/yMivRT7U+DHSbqNFtjUIoGA/6ITXfkLyGPgFH2I+44WV2CI0fS51LUFtsJDxxRUxuMVJvf/BbVGg7dYFqH5omIjPy6TWXxgsCj+UqCu6mxsWzeccdpA8AEBQuZmepIFOqtYrYNtOif+hwwzSGMkeNC4MfTxXtU7IXDfgovxleOUadN4yIMUCgZ+RLXdz36kuZCrKklsUqquRa8UwSdDbEm/7wThZN3VkvziY7XHvLtjRxznUavLFQvgwm7CtKJKMTB/2oG8Z9Gril5DgTZZq8tbZ+sJQsuiNng2PvTDI24OvtrL55SAl3CBPD6v/Z5whZ8Gt4Dcb/7+IW2RAjwKAjN0=
            EOT
        }
      [32m+[0m[0m name                      = "ubu2404t"
      [32m+[0m[0m network_acceleration_type = "standard"
      [32m+[0m[0m platform_id               = "standard-v1"
      [32m+[0m[0m service_account_id        = (known after apply)
      [32m+[0m[0m status                    = (known after apply)
      [32m+[0m[0m zone                      = "ru-central1-b"

      [32m+[0m[0m boot_disk {
          [32m+[0m[0m auto_delete = true
          [32m+[0m[0m device_name = (known after apply)
          [32m+[0m[0m disk_id     = (known after apply)
          [32m+[0m[0m mode        = (known after apply)

          [32m+[0m[0m initialize_params {
              [32m+[0m[0m block_size  = (known after apply)
              [32m+[0m[0m description = (known after apply)
              [32m+[0m[0m image_id    = "fd8kdq6d0p8sij7h5qe3"
              [32m+[0m[0m name        = (known after apply)
              [32m+[0m[0m size        = (known after apply)
              [32m+[0m[0m snapshot_id = (known after apply)
              [32m+[0m[0m type        = "network-hdd"
            }
        }

      [32m+[0m[0m metadata_options (known after apply)

      [32m+[0m[0m network_interface {
          [32m+[0m[0m index              = (known after apply)
          [32m+[0m[0m ip_address         = (known after apply)
          [32m+[0m[0m ipv4               = true
          [32m+[0m[0m ipv6               = (known after apply)
          [32m+[0m[0m ipv6_address       = (known after apply)
          [32m+[0m[0m mac_address        = (known after apply)
          [32m+[0m[0m nat                = true
          [32m+[0m[0m nat_ip_address     = (known after apply)
          [32m+[0m[0m nat_ip_version     = (known after apply)
          [32m+[0m[0m security_group_ids = (known after apply)
          [32m+[0m[0m subnet_id          = "e2lmef9gj29644l2ea06"
        }

      [32m+[0m[0m placement_policy (known after apply)

      [32m+[0m[0m resources {
          [32m+[0m[0m core_fraction = 20
          [32m+[0m[0m cores         = 2
          [32m+[0m[0m memory        = 4
        }

      [32m+[0m[0m scheduling_policy (known after apply)
    }

[1mPlan:[0m 1 to add, 0 to change, 0 to destroy.
[0m
Changes to Outputs:
  [32m+[0m[0m external_ip_address_ubu2404t = (known after apply)
  [32m+[0m[0m internal_ip_address_ubu2404t = (known after apply)
[90m
─────────────────────────────────────────────────────────────────────────────[0m

Note: You didn't use the -out option to save this plan, so Terraform can't
guarantee to take exactly these actions if you run "terraform apply" now.
